
Microsoft Visual Studio Solution File, Format Version 12.00
# Visual Studio Version 17
VisualStudioVersion = 17.7.34031.279
MinimumVisualStudioVersion = 10.0.40219.1
Project("{9A19103F-16F7-4668-BE54-9A1E7A4F7556}") = "SistemaInventarioV6", "SistemaInventarioV6\SistemaInventarioV6.csproj", "{DFB0C147-F200-486D-B9FB-6C4EF532A058}"
EndProject
Project("{FAE04EC0-301F-11D3-BF4B-00C04F79EFBC}") = "SistemaInventarioV6.AccesoDatos", "SistemaInventarioV6.AccesoDatos\SistemaInventarioV6.AccesoDatos.csproj", "{19F82307-D8A6-49D2-AFC1-CC50617499CC}"
EndProject
Project("{FAE04EC0-301F-11D3-BF4B-00C04F79EFBC}") = "SistemaInventarioV6.Modelos", "SistemaInventarioV6.Modelos\SistemaInventarioV6.Modelos.csproj", "{C047FF8F-F2A1-426E-B22C-7520F25C460E}"
EndProject
Project("{FAE04EC0-301F-11D3-BF4B-00C04F79EFBC}") = "SistemaInventarioV6.Utilidades", "SistemaInventarioV6.Utilidades\SistemaInventarioV6.Utilidades.csproj", "{7B1C20A8-1453-426D-AE67-382B71B8CF93}"
EndProject
Global
	GlobalSection(SolutionConfigurationPlatforms) = preSolution
		Debug|Any CPU = Debug|Any CPU
		Release|Any CPU = Release|Any CPU
	EndGlobalSection
	GlobalSection(ProjectConfigurationPlatforms) = postSolution
		{DFB0C147-F200-486D-B9FB-6C4EF532A058}.Debug|Any CPU.ActiveCfg = Debug|Any CPU
		{DFB0C147-F200-486D-B9FB-6C4EF532A058}.Debug|Any CPU.Build.0 = Debug|Any CPU
		{DFB0C147-F200-486D-B9FB-6C4EF532A058}.Release|Any CPU.ActiveCfg = Release|Any CPU
		{DFB0C147-F200-486D-B9FB-6C4EF532A058}.Release|Any CPU.Build.0 = Release|Any CPU
		{19F82307-D8A6-49D2-AFC1-CC50617499CC}.Debug|Any CPU.ActiveCfg = Debug|Any CPU
		{19F82307-D8A6-49D2-AFC1-CC50617499CC}.Debug|Any CPU.Build.0 = Debug|Any CPU
		{19F82307-D8A6-49D2-AFC1-CC50617499CC}.Release|Any CPU.ActiveCfg = Release|Any CPU
		{19F82307-D8A6-49D2-AFC1-CC50617499CC}.Release|Any CPU.Build.0 = Release|Any CPU
		{C047FF8F-F2A1-426E-B22C-7520F25C460E}.Debug|Any CPU.ActiveCfg = Debug|Any CPU
		{C047FF8F-F2A1-426E-B22C-7520F25C460E}.Debug|Any CPU.Build.0 = Debug|Any CPU
		{C047FF8F-F2A1-426E-B22C-7520F25C460E}.Release|Any CPU.ActiveCfg = Release|Any CPU
		{C047FF8F-F2A1-426E-B22C-7520F25C460E}.Release|Any CPU.Build.0 = Release|Any CPU
		{7B1C20A8-1453-426D-AE67-382B71B8CF93}.Debug|Any CPU.ActiveCfg = Debug|Any CPU
		{7B1C20A8-1453-426D-AE67-382B71B8CF93}.Debug|Any CPU.Build.0 = Debug|Any CPU
		{7B1C20A8-1453-426D-AE67-382B71B8CF93}.Release|Any CPU.ActiveCfg = Release|Any CPU
		{7B1C20A8-1453-426D-AE67-382B71B8CF93}.Release|Any CPU.Build.0 = Release|Any CPU
	EndGlobalSection
	GlobalSection(SolutionProperties) = preSolution
		HideSolutionNode = FALSE
	EndGlobalSection
	GlobalSection(ExtensibilityGlobals) = postSolution
		SolutionGuid = {CE535628-5B22-4F42-8E3C-DDA707C5B863}
	EndGlobalSection
EndGlobal
